dependencies:
- name: component
  repository: file://./component
  version: 0.2.0
- name: component
  repository: file://./component
  version: 0.2.0
- name: component
  repository: file://./component
  version: 0.2.0
- name: component
  repository: file://./component
  version: 0.2.0
- name: component
  repository: file://./component
  version: 0.2.0
- name: component
  repository: file://./component
  version: 0.2.0
digest: sha256:213df874ebda7349588918069d77c40d590dfea32baaf8660a609b18dc74b253
generated: "2020-04-23T13:22:56.769318+02:00"
